// !$*UTF8*$!
{
	archiveVersion = 1;
	classes = {
	};
	objectVersion = 56;
	objects = {

/* Begin PBXBuildFile section */
		97C645D7E1DE36AA6090998B /* Pods_CoinAPI.framework in Frameworks */ = {isa = PBXBuildFile; fileRef = 21C8BCE8AD42C85F8E5432ED /* Pods_CoinAPI.framework */; };
		CE8F33342A13D40700FC65BD /* AppDelegate.swift in Sources */ = {isa = PBXBuildFile; fileRef = CE8F33332A13D40700FC65BD /* AppDelegate.swift */; };
		CE8F33362A13D40700FC65BD /* SceneDelegate.swift in Sources */ = {isa = PBXBuildFile; fileRef = CE8F33352A13D40700FC65BD /* SceneDelegate.swift */; };
		CE8F333D2A13D40B00FC65BD /* Assets.xcassets in Resources */ = {isa = PBXBuildFile; fileRef = CE8F333C2A13D40B00FC65BD /* Assets.xcassets */; };
		CE8F33402A13D40B00FC65BD /* LaunchScreen.storyboard in Resources */ = {isa = PBXBuildFile; fileRef = CE8F333E2A13D40B00FC65BD /* LaunchScreen.storyboard */; };
		CE8F334B2A13D40B00FC65BD /* CoinAPITests.swift in Sources */ = {isa = PBXBuildFile; fileRef = CE8F334A2A13D40B00FC65BD /* CoinAPITests.swift */; };
		CE8F33552A13D40B00FC65BD /* CoinAPIUITests.swift in Sources */ = {isa = PBXBuildFile; fileRef = CE8F33542A13D40B00FC65BD /* CoinAPIUITests.swift */; };
		CE8F33572A13D40B00FC65BD /* CoinAPIUITestsLaunchTests.swift in Sources */ = {isa = PBXBuildFile; fileRef = CE8F33562A13D40B00FC65BD /* CoinAPIUITestsLaunchTests.swift */; };
		CE8F33642A13D62500FC65BD /* HomeViewController.swift in Sources */ = {isa = PBXBuildFile; fileRef = CE8F33632A13D62500FC65BD /* HomeViewController.swift */; };
		CE8F33672A13D6F400FC65BD /* Coordinator.swift in Sources */ = {isa = PBXBuildFile; fileRef = CE8F33662A13D6F400FC65BD /* Coordinator.swift */; };
		CE8F336B2A13F1D500FC65BD /* AlamofireAdapter.swift in Sources */ = {isa = PBXBuildFile; fileRef = CE8F336A2A13F1D500FC65BD /* AlamofireAdapter.swift */; };
		CE8F336D2A13F22800FC65BD /* HttpError.swift in Sources */ = {isa = PBXBuildFile; fileRef = CE8F336C2A13F22800FC65BD /* HttpError.swift */; };
		CE8F33702A13FC7100FC65BD /* ExchangesEntity.swift in Sources */ = {isa = PBXBuildFile; fileRef = CE8F336F2A13FC7100FC65BD /* ExchangesEntity.swift */; };
		CE8F33722A1409D700FC65BD /* HomeViewModel.swift in Sources */ = {isa = PBXBuildFile; fileRef = CE8F33712A1409D700FC65BD /* HomeViewModel.swift */; };
		CE8F337A2A1416D600FC65BD /* HomeUseCase.swift in Sources */ = {isa = PBXBuildFile; fileRef = CE8F33792A1416D600FC65BD /* HomeUseCase.swift */; };
		CE8F337E2A14178C00FC65BD /* HomeRepository.swift in Sources */ = {isa = PBXBuildFile; fileRef = CE8F337D2A14178C00FC65BD /* HomeRepository.swift */; };
		CE8F33812A14280500FC65BD /* HomeViewModelBuilder.swift in Sources */ = {isa = PBXBuildFile; fileRef = CE8F33802A14280500FC65BD /* HomeViewModelBuilder.swift */; };
		CE8F33862A150AE900FC65BD /* APIRoute.swift in Sources */ = {isa = PBXBuildFile; fileRef = CE8F33852A150AE900FC65BD /* APIRoute.swift */; };
		CE8F338A2A15285000FC65BD /* ExchangesCell.swift in Sources */ = {isa = PBXBuildFile; fileRef = CE8F33892A15285000FC65BD /* ExchangesCell.swift */; };
		CE8F338E2A1529F700FC65BD /* Double+Extension.swift in Sources */ = {isa = PBXBuildFile; fileRef = CE8F338D2A1529F700FC65BD /* Double+Extension.swift */; };
		CE8F33912A15976500FC65BD /* LoadingView.swift in Sources */ = {isa = PBXBuildFile; fileRef = CE8F33902A15976500FC65BD /* LoadingView.swift */; };
		CE8F33932A15A0D000FC65BD /* LoadingViewController.swift in Sources */ = {isa = PBXBuildFile; fileRef = CE8F33922A15A0D000FC65BD /* LoadingViewController.swift */; };
		CE8F33952A165A9B00FC65BD /* DetailViewController.swift in Sources */ = {isa = PBXBuildFile; fileRef = CE8F33942A165A9B00FC65BD /* DetailViewController.swift */; };
		CE8F33972A1694D900FC65BD /* IconsEntity.swift in Sources */ = {isa = PBXBuildFile; fileRef = CE8F33962A1694D900FC65BD /* IconsEntity.swift */; };
		CE8F33992A16C03D00FC65BD /* UIImageView+Extension.swift in Sources */ = {isa = PBXBuildFile; fileRef = CE8F33982A16C03D00FC65BD /* UIImageView+Extension.swift */; };
		CE8F339B2A16F5F800FC65BD /* String+Extension.swift in Sources */ = {isa = PBXBuildFile; fileRef = CE8F339A2A16F5F800FC65BD /* String+Extension.swift */; };
		CE8F339D2A17C2A400FC65BD /* ErrorViewController.swift in Sources */ = {isa = PBXBuildFile; fileRef = CE8F339C2A17C2A400FC65BD /* ErrorViewController.swift */; };
		CE8F339F2A17C47900FC65BD /* ErrorView.swift in Sources */ = {isa = PBXBuildFile; fileRef = CE8F339E2A17C47900FC65BD /* ErrorView.swift */; };
		CE8F33A12A18065700FC65BD /* HomeViewModelTests.swift in Sources */ = {isa = PBXBuildFile; fileRef = CE8F33A02A18065700FC65BD /* HomeViewModelTests.swift */; };
		CE8F33A32A180A7900FC65BD /* ExchangesDataMock.swift in Sources */ = {isa = PBXBuildFile; fileRef = CE8F33A22A180A7900FC65BD /* ExchangesDataMock.swift */; };
		CE8F33A52A180D7100FC65BD /* ExchangesIconMock.swift in Sources */ = {isa = PBXBuildFile; fileRef = CE8F33A42A180D7100FC65BD /* ExchangesIconMock.swift */; };
		CFBE844D26D12F51BEFB87B2 /* Pods_CoinAPITests.framework in Frameworks */ = {isa = PBXBuildFile; fileRef = BD9332842A4CB5D30FA8C3BB /* Pods_CoinAPITests.framework */; };
		D144D373C2C66B73D0E5CAD5 /* Pods_CoinAPI_CoinAPIUITests.framework in Frameworks */ = {isa = PBXBuildFile; fileRef = E0073747FE94BDEC6C37E7AF /* Pods_CoinAPI_CoinAPIUITests.framework */; };
/* End PBXBuildFile section */

/* Begin PBXContainerItemProxy section */
		CE8F33472A13D40B00FC65BD /* PBXContainerItemProxy */ = {
			isa = PBXContainerItemProxy;
			containerPortal = CE8F33282A13D40700FC65BD /* Project object */;
			proxyType = 1;
			remoteGlobalIDString = CE8F332F2A13D40700FC65BD;
			remoteInfo = CoinAPI;
		};
		CE8F33512A13D40B00FC65BD /* PBXContainerItemProxy */ = {
			isa = PBXContainerItemProxy;
			containerPortal = CE8F33282A13D40700FC65BD /* Project object */;
			proxyType = 1;
			remoteGlobalIDString = CE8F332F2A13D40700FC65BD;
			remoteInfo = CoinAPI;
		};
/* End PBXContainerItemProxy section */

/* Begin PBXFileReference section */
		1766F2458D5564142BF35117 /* Pods-CoinAPI.release.xcconfig */ = {isa = PBXFileReference; includeInIndex = 1; lastKnownFileType = text.xcconfig; name = "Pods-CoinAPI.release.xcconfig"; path = "Target Support Files/Pods-CoinAPI/Pods-CoinAPI.release.xcconfig"; sourceTree = "<group>"; };
		21C8BCE8AD42C85F8E5432ED /* Pods_CoinAPI.framework */ = {isa = PBXFileReference; explicitFileType = wrapper.framework; includeInIndex = 0; path = Pods_CoinAPI.framework; sourceTree = BUILT_PRODUCTS_DIR; };
		23325E2987CA423C231478D3 /* Pods-CoinAPITests.release.xcconfig */ = {isa = PBXFileReference; includeInIndex = 1; lastKnownFileType = text.xcconfig; name = "Pods-CoinAPITests.release.xcconfig"; path = "Target Support Files/Pods-CoinAPITests/Pods-CoinAPITests.release.xcconfig"; sourceTree = "<group>"; };
		AAF0B444CFF90ECEAD49EDF8 /* Pods-CoinAPI.debug.xcconfig */ = {isa = PBXFileReference; includeInIndex = 1; lastKnownFileType = text.xcconfig; name = "Pods-CoinAPI.debug.xcconfig"; path = "Target Support Files/Pods-CoinAPI/Pods-CoinAPI.debug.xcconfig"; sourceTree = "<group>"; };
		AD9028A544A2BD1FD8B7CD1F /* Pods-CoinAPITests.debug.xcconfig */ = {isa = PBXFileReference; includeInIndex = 1; lastKnownFileType = text.xcconfig; name = "Pods-CoinAPITests.debug.xcconfig"; path = "Target Support Files/Pods-CoinAPITests/Pods-CoinAPITests.debug.xcconfig"; sourceTree = "<group>"; };
		B1E28E67779A3D8F56F04DE7 /* Pods-CoinAPI-CoinAPIUITests.debug.xcconfig */ = {isa = PBXFileReference; includeInIndex = 1; lastKnownFileType = text.xcconfig; name = "Pods-CoinAPI-CoinAPIUITests.debug.xcconfig"; path = "Target Support Files/Pods-CoinAPI-CoinAPIUITests/Pods-CoinAPI-CoinAPIUITests.debug.xcconfig"; sourceTree = "<group>"; };
		BD9332842A4CB5D30FA8C3BB /* Pods_CoinAPITests.framework */ = {isa = PBXFileReference; explicitFileType = wrapper.framework; includeInIndex = 0; path = Pods_CoinAPITests.framework; sourceTree = BUILT_PRODUCTS_DIR; };
		CE8F33302A13D40700FC65BD /* CoinAPI.app */ = {isa = PBXFileReference; explicitFileType = wrapper.application; includeInIndex = 0; path = CoinAPI.app; sourceTree = BUILT_PRODUCTS_DIR; };
		CE8F33332A13D40700FC65BD /* AppDelegate.swift */ = {isa = PBXFileReference; lastKnownFileType = sourcecode.swift; path = AppDelegate.swift; sourceTree = "<group>"; };
		CE8F33352A13D40700FC65BD /* SceneDelegate.swift */ = {isa = PBXFileReference; lastKnownFileType = sourcecode.swift; path = SceneDelegate.swift; sourceTree = "<group>"; };
		CE8F333C2A13D40B00FC65BD /* Assets.xcassets */ = {isa = PBXFileReference; lastKnownFileType = folder.assetcatalog; path = Assets.xcassets; sourceTree = "<group>"; };
		CE8F333F2A13D40B00FC65BD /* Base */ = {isa = PBXFileReference; lastKnownFileType = file.storyboard; name = Base; path = Base.lproj/LaunchScreen.storyboard; sourceTree = "<group>"; };
		CE8F33412A13D40B00FC65BD /* Info.plist */ = {isa = PBXFileReference; lastKnownFileType = text.plist.xml; path = Info.plist; sourceTree = "<group>"; };
		CE8F33462A13D40B00FC65BD /* CoinAPITests.xctest */ = {isa = PBXFileReference; explicitFileType = wrapper.cfbundle; includeInIndex = 0; path = CoinAPITests.xctest; sourceTree = BUILT_PRODUCTS_DIR; };
		CE8F334A2A13D40B00FC65BD /* CoinAPITests.swift */ = {isa = PBXFileReference; lastKnownFileType = sourcecode.swift; path = CoinAPITests.swift; sourceTree = "<group>"; };
		CE8F33502A13D40B00FC65BD /* CoinAPIUITests.xctest */ = {isa = PBXFileReference; explicitFileType = wrapper.cfbundle; includeInIndex = 0; path = CoinAPIUITests.xctest; sourceTree = BUILT_PRODUCTS_DIR; };
		CE8F33542A13D40B00FC65BD /* CoinAPIUITests.swift */ = {isa = PBXFileReference; lastKnownFileType = sourcecode.swift; path = CoinAPIUITests.swift; sourceTree = "<group>"; };
		CE8F33562A13D40B00FC65BD /* CoinAPIUITestsLaunchTests.swift */ = {isa = PBXFileReference; lastKnownFileType = sourcecode.swift; path = CoinAPIUITestsLaunchTests.swift; sourceTree = "<group>"; };
		CE8F33632A13D62500FC65BD /* HomeViewController.swift */ = {isa = PBXFileReference; lastKnownFileType = sourcecode.swift; path = HomeViewController.swift; sourceTree = "<group>"; };
		CE8F33662A13D6F400FC65BD /* Coordinator.swift */ = {isa = PBXFileReference; lastKnownFileType = sourcecode.swift; path = Coordinator.swift; sourceTree = "<group>"; };
		CE8F336A2A13F1D500FC65BD /* AlamofireAdapter.swift */ = {isa = PBXFileReference; lastKnownFileType = sourcecode.swift; path = AlamofireAdapter.swift; sourceTree = "<group>"; };
		CE8F336C2A13F22800FC65BD /* HttpError.swift */ = {isa = PBXFileReference; lastKnownFileType = sourcecode.swift; path = HttpError.swift; sourceTree = "<group>"; };
		CE8F336F2A13FC7100FC65BD /* ExchangesEntity.swift */ = {isa = PBXFileReference; lastKnownFileType = sourcecode.swift; path = ExchangesEntity.swift; sourceTree = "<group>"; };
		CE8F33712A1409D700FC65BD /* HomeViewModel.swift */ = {isa = PBXFileReference; lastKnownFileType = sourcecode.swift; path = HomeViewModel.swift; sourceTree = "<group>"; };
		CE8F33792A1416D600FC65BD /* HomeUseCase.swift */ = {isa = PBXFileReference; lastKnownFileType = sourcecode.swift; path = HomeUseCase.swift; sourceTree = "<group>"; };
		CE8F337D2A14178C00FC65BD /* HomeRepository.swift */ = {isa = PBXFileReference; lastKnownFileType = sourcecode.swift; path = HomeRepository.swift; sourceTree = "<group>"; };
		CE8F33802A14280500FC65BD /* HomeViewModelBuilder.swift */ = {isa = PBXFileReference; lastKnownFileType = sourcecode.swift; path = HomeViewModelBuilder.swift; sourceTree = "<group>"; };
		CE8F33852A150AE900FC65BD /* APIRoute.swift */ = {isa = PBXFileReference; lastKnownFileType = sourcecode.swift; path = APIRoute.swift; sourceTree = "<group>"; };
		CE8F33892A15285000FC65BD /* ExchangesCell.swift */ = {isa = PBXFileReference; lastKnownFileType = sourcecode.swift; path = ExchangesCell.swift; sourceTree = "<group>"; };
		CE8F338D2A1529F700FC65BD /* Double+Extension.swift */ = {isa = PBXFileReference; lastKnownFileType = sourcecode.swift; path = "Double+Extension.swift"; sourceTree = "<group>"; };
		CE8F33902A15976500FC65BD /* LoadingView.swift */ = {isa = PBXFileReference; lastKnownFileType = sourcecode.swift; path = LoadingView.swift; sourceTree = "<group>"; };
		CE8F33922A15A0D000FC65BD /* LoadingViewController.swift */ = {isa = PBXFileReference; lastKnownFileType = sourcecode.swift; path = LoadingViewController.swift; sourceTree = "<group>"; };
		CE8F33942A165A9B00FC65BD /* DetailViewController.swift */ = {isa = PBXFileReference; lastKnownFileType = sourcecode.swift; path = DetailViewController.swift; sourceTree = "<group>"; };
		CE8F33962A1694D900FC65BD /* IconsEntity.swift */ = {isa = PBXFileReference; lastKnownFileType = sourcecode.swift; path = IconsEntity.swift; sourceTree = "<group>"; };
		CE8F33982A16C03D00FC65BD /* UIImageView+Extension.swift */ = {isa = PBXFileReference; lastKnownFileType = sourcecode.swift; path = "UIImageView+Extension.swift"; sourceTree = "<group>"; };
		CE8F339A2A16F5F800FC65BD /* String+Extension.swift */ = {isa = PBXFileReference; lastKnownFileType = sourcecode.swift; path = "String+Extension.swift"; sourceTree = "<group>"; };
		CE8F339C2A17C2A400FC65BD /* ErrorViewController.swift */ = {isa = PBXFileReference; lastKnownFileType = sourcecode.swift; path = ErrorViewController.swift; sourceTree = "<group>"; };
		CE8F339E2A17C47900FC65BD /* ErrorView.swift */ = {isa = PBXFileReference; lastKnownFileType = sourcecode.swift; path = ErrorView.swift; sourceTree = "<group>"; };
		CE8F33A02A18065700FC65BD /* HomeViewModelTests.swift */ = {isa = PBXFileReference; lastKnownFileType = sourcecode.swift; path = HomeViewModelTests.swift; sourceTree = "<group>"; };
		CE8F33A22A180A7900FC65BD /* ExchangesDataMock.swift */ = {isa = PBXFileReference; lastKnownFileType = sourcecode.swift; path = ExchangesDataMock.swift; sourceTree = "<group>"; };
		CE8F33A42A180D7100FC65BD /* ExchangesIconMock.swift */ = {isa = PBXFileReference; lastKnownFileType = sourcecode.swift; path = ExchangesIconMock.swift; sourceTree = "<group>"; };
		E0073747FE94BDEC6C37E7AF /* Pods_CoinAPI_CoinAPIUITests.framework */ = {isa = PBXFileReference; explicitFileType = wrapper.framework; includeInIndex = 0; path = Pods_CoinAPI_CoinAPIUITests.framework; sourceTree = BUILT_PRODUCTS_DIR; };
		FBB1C51B428B219EFEA7B8F1 /* Pods-CoinAPI-CoinAPIUITests.release.xcconfig */ = {isa = PBXFileReference; includeInIndex = 1; lastKnownFileType = text.xcconfig; name = "Pods-CoinAPI-CoinAPIUITests.release.xcconfig"; path = "Target Support Files/Pods-CoinAPI-CoinAPIUITests/Pods-CoinAPI-CoinAPIUITests.release.xcconfig"; sourceTree = "<group>"; };
/* End PBXFileReference section */

/* Begin PBXFrameworksBuildPhase section */
		CE8F332D2A13D40700FC65BD /* Frameworks */ = {
			isa = PBXFrameworksBuildPhase;
			buildActionMask = 2147483647;
			files = (
				97C645D7E1DE36AA6090998B /* Pods_CoinAPI.framework in Frameworks */,
			);
			runOnlyForDeploymentPostprocessing = 0;
		};
		CE8F33432A13D40B00FC65BD /* Frameworks */ = {
			isa = PBXFrameworksBuildPhase;
			buildActionMask = 2147483647;
			files = (
				CFBE844D26D12F51BEFB87B2 /* Pods_CoinAPITests.framework in Frameworks */,
			);
			runOnlyForDeploymentPostprocessing = 0;
		};
		CE8F334D2A13D40B00FC65BD /* Frameworks */ = {
			isa = PBXFrameworksBuildPhase;
			buildActionMask = 2147483647;
			files = (
				D144D373C2C66B73D0E5CAD5 /* Pods_CoinAPI_CoinAPIUITests.framework in Frameworks */,
			);
			runOnlyForDeploymentPostprocessing = 0;
		};
/* End PBXFrameworksBuildPhase section */

/* Begin PBXGroup section */
		A63AC5ED0A26ED372552FF29 /* Pods */ = {
			isa = PBXGroup;
			children = (
				AAF0B444CFF90ECEAD49EDF8 /* Pods-CoinAPI.debug.xcconfig */,
				1766F2458D5564142BF35117 /* Pods-CoinAPI.release.xcconfig */,
				B1E28E67779A3D8F56F04DE7 /* Pods-CoinAPI-CoinAPIUITests.debug.xcconfig */,
				FBB1C51B428B219EFEA7B8F1 /* Pods-CoinAPI-CoinAPIUITests.release.xcconfig */,
				AD9028A544A2BD1FD8B7CD1F /* Pods-CoinAPITests.debug.xcconfig */,
				23325E2987CA423C231478D3 /* Pods-CoinAPITests.release.xcconfig */,
			);
			path = Pods;
			sourceTree = "<group>";
		};
		B6524D5E4850EA609E78AC71 /* Frameworks */ = {
			isa = PBXGroup;
			children = (
				21C8BCE8AD42C85F8E5432ED /* Pods_CoinAPI.framework */,
				E0073747FE94BDEC6C37E7AF /* Pods_CoinAPI_CoinAPIUITests.framework */,
				BD9332842A4CB5D30FA8C3BB /* Pods_CoinAPITests.framework */,
			);
			name = Frameworks;
			sourceTree = "<group>";
		};
		CE8F33272A13D40700FC65BD = {
			isa = PBXGroup;
			children = (
				CE8F33322A13D40700FC65BD /* CoinAPI */,
				CE8F33492A13D40B00FC65BD /* CoinAPITests */,
				CE8F33532A13D40B00FC65BD /* CoinAPIUITests */,
				CE8F33312A13D40700FC65BD /* Products */,
				A63AC5ED0A26ED372552FF29 /* Pods */,
				B6524D5E4850EA609E78AC71 /* Frameworks */,
			);
			sourceTree = "<group>";
		};
		CE8F33312A13D40700FC65BD /* Products */ = {
			isa = PBXGroup;
			children = (
				CE8F33302A13D40700FC65BD /* CoinAPI.app */,
				CE8F33462A13D40B00FC65BD /* CoinAPITests.xctest */,
				CE8F33502A13D40B00FC65BD /* CoinAPIUITests.xctest */,
			);
			name = Products;
			sourceTree = "<group>";
		};
		CE8F33322A13D40700FC65BD /* CoinAPI */ = {
			isa = PBXGroup;
			children = (
				CE8F338B2A1529B900FC65BD /* Utilities */,
				CE8F337B2A14176F00FC65BD /* Data */,
				CE8F336E2A13FBEB00FC65BD /* Domain */,
				CE8F33692A13F1C000FC65BD /* Network */,
				CE8F33652A13D63A00FC65BD /* Presentation */,
				CE8F33332A13D40700FC65BD /* AppDelegate.swift */,
				CE8F33352A13D40700FC65BD /* SceneDelegate.swift */,
				CE8F333C2A13D40B00FC65BD /* Assets.xcassets */,
				CE8F333E2A13D40B00FC65BD /* LaunchScreen.storyboard */,
				CE8F33412A13D40B00FC65BD /* Info.plist */,
			);
			path = CoinAPI;
			sourceTree = "<group>";
		};
		CE8F33492A13D40B00FC65BD /* CoinAPITests */ = {
			isa = PBXGroup;
			children = (
				CE8F334A2A13D40B00FC65BD /* CoinAPITests.swift */,
				CE8F33A02A18065700FC65BD /* HomeViewModelTests.swift */,
				CE8F33A22A180A7900FC65BD /* ExchangesDataMock.swift */,
				CE8F33A42A180D7100FC65BD /* ExchangesIconMock.swift */,
			);
			path = CoinAPITests;
			sourceTree = "<group>";
		};
		CE8F33532A13D40B00FC65BD /* CoinAPIUITests */ = {
			isa = PBXGroup;
			children = (
				CE8F33542A13D40B00FC65BD /* CoinAPIUITests.swift */,
				CE8F33562A13D40B00FC65BD /* CoinAPIUITestsLaunchTests.swift */,
			);
			path = CoinAPIUITests;
			sourceTree = "<group>";
		};
		CE8F33652A13D63A00FC65BD /* Presentation */ = {
			isa = PBXGroup;
			children = (
				CE8F33742A1413C300FC65BD /* ViewModel */,
				CE8F33732A1413B700FC65BD /* Views */,
				CE8F33682A13D71A00FC65BD /* Coordinator */,
			);
			path = Presentation;
			sourceTree = "<group>";
		};
		CE8F33682A13D71A00FC65BD /* Coordinator */ = {
			isa = PBXGroup;
			children = (
				CE8F33662A13D6F400FC65BD /* Coordinator.swift */,
			);
			path = Coordinator;
			sourceTree = "<group>";
		};
		CE8F33692A13F1C000FC65BD /* Network */ = {
			isa = PBXGroup;
			children = (
				CE8F336A2A13F1D500FC65BD /* AlamofireAdapter.swift */,
				CE8F336C2A13F22800FC65BD /* HttpError.swift */,
				CE8F33852A150AE900FC65BD /* APIRoute.swift */,
			);
			path = Network;
			sourceTree = "<group>";
		};
		CE8F336E2A13FBEB00FC65BD /* Domain */ = {
			isa = PBXGroup;
			children = (
				CE8F33782A1416B300FC65BD /* UseCases */,
				CE8F33752A1413F400FC65BD /* Models */,
			);
			path = Domain;
			sourceTree = "<group>";
		};
		CE8F33732A1413B700FC65BD /* Views */ = {
			isa = PBXGroup;
			children = (
				CE8F338F2A15974D00FC65BD /* Components */,
				CE8F33882A15283400FC65BD /* ViewControllers */,
				CE8F33872A15282F00FC65BD /* Cells */,
			);
			path = Views;
			sourceTree = "<group>";
		};
		CE8F33742A1413C300FC65BD /* ViewModel */ = {
			isa = PBXGroup;
			children = (
				CE8F33712A1409D700FC65BD /* HomeViewModel.swift */,
			);
			path = ViewModel;
			sourceTree = "<group>";
		};
		CE8F33752A1413F400FC65BD /* Models */ = {
			isa = PBXGroup;
			children = (
				CE8F336F2A13FC7100FC65BD /* ExchangesEntity.swift */,
				CE8F33962A1694D900FC65BD /* IconsEntity.swift */,
			);
			path = Models;
			sourceTree = "<group>";
		};
		CE8F33782A1416B300FC65BD /* UseCases */ = {
			isa = PBXGroup;
			children = (
				CE8F33792A1416D600FC65BD /* HomeUseCase.swift */,
			);
			path = UseCases;
			sourceTree = "<group>";
		};
		CE8F337B2A14176F00FC65BD /* Data */ = {
			isa = PBXGroup;
			children = (
				CE8F337F2A1427E600FC65BD /* Builder */,
				CE8F337C2A14177500FC65BD /* Repositories */,
			);
			path = Data;
			sourceTree = "<group>";
		};
		CE8F337C2A14177500FC65BD /* Repositories */ = {
			isa = PBXGroup;
			children = (
				CE8F337D2A14178C00FC65BD /* HomeRepository.swift */,
			);
			path = Repositories;
			sourceTree = "<group>";
		};
		CE8F337F2A1427E600FC65BD /* Builder */ = {
			isa = PBXGroup;
			children = (
				CE8F33802A14280500FC65BD /* HomeViewModelBuilder.swift */,
			);
			path = Builder;
			sourceTree = "<group>";
		};
		CE8F33872A15282F00FC65BD /* Cells */ = {
			isa = PBXGroup;
			children = (
				CE8F33892A15285000FC65BD /* ExchangesCell.swift */,
			);
			path = Cells;
			sourceTree = "<group>";
		};
		CE8F33882A15283400FC65BD /* ViewControllers */ = {
			isa = PBXGroup;
			children = (
				CE8F33632A13D62500FC65BD /* HomeViewController.swift */,
				CE8F33942A165A9B00FC65BD /* DetailViewController.swift */,
			);
			path = ViewControllers;
			sourceTree = "<group>";
		};
		CE8F338B2A1529B900FC65BD /* Utilities */ = {
			isa = PBXGroup;
			children = (
				CE8F338C2A1529C400FC65BD /* Extensions */,
			);
			path = Utilities;
			sourceTree = "<group>";
		};
		CE8F338C2A1529C400FC65BD /* Extensions */ = {
			isa = PBXGroup;
			children = (
				CE8F338D2A1529F700FC65BD /* Double+Extension.swift */,
				CE8F33982A16C03D00FC65BD /* UIImageView+Extension.swift */,
				CE8F339A2A16F5F800FC65BD /* String+Extension.swift */,
			);
			path = Extensions;
			sourceTree = "<group>";
		};
		CE8F338F2A15974D00FC65BD /* Components */ = {
			isa = PBXGroup;
			children = (
				CE8F33902A15976500FC65BD /* LoadingView.swift */,
				CE8F33922A15A0D000FC65BD /* LoadingViewController.swift */,
				CE8F339E2A17C47900FC65BD /* ErrorView.swift */,
				CE8F339C2A17C2A400FC65BD /* ErrorViewController.swift */,
			);
			path = Components;
			sourceTree = "<group>";
		};
/* End PBXGroup section */

/* Begin PBXNativeTarget section */
		CE8F332F2A13D40700FC65BD /* CoinAPI */ = {
			isa = PBXNativeTarget;
			buildConfigurationList = CE8F335A2A13D40B00FC65BD /* Build configuration list for PBXNativeTarget "CoinAPI" */;
			buildPhases = (
				02983574B0A5FBF8EB5FAD09 /* [CP] Check Pods Manifest.lock */,
				CE8F332C2A13D40700FC65BD /* Sources */,
				CE8F332D2A13D40700FC65BD /* Frameworks */,
				CE8F332E2A13D40700FC65BD /* Resources */,
				CD183CCA8ECFEB97FEEB44BA /* [CP] Embed Pods Frameworks */,
			);
			buildRules = (
			);
			dependencies = (
			);
			name = CoinAPI;
			productName = CoinAPI;
			productReference = CE8F33302A13D40700FC65BD /* CoinAPI.app */;
			productType = "com.apple.product-type.application";
		};
		CE8F33452A13D40B00FC65BD /* CoinAPITests */ = {
			isa = PBXNativeTarget;
			buildConfigurationList = CE8F335D2A13D40B00FC65BD /* Build configuration list for PBXNativeTarget "CoinAPITests" */;
			buildPhases = (
				A00A4306FBD877162AC8119E /* [CP] Check Pods Manifest.lock */,
				CE8F33422A13D40B00FC65BD /* Sources */,
				CE8F33432A13D40B00FC65BD /* Frameworks */,
				CE8F33442A13D40B00FC65BD /* Resources */,
			);
			buildRules = (
			);
			dependencies = (
				CE8F33482A13D40B00FC65BD /* PBXTargetDependency */,
			);
			name = CoinAPITests;
			productName = CoinAPITests;
			productReference = CE8F33462A13D40B00FC65BD /* CoinAPITests.xctest */;
			productType = "com.apple.product-type.bundle.unit-test";
		};
		CE8F334F2A13D40B00FC65BD /* CoinAPIUITests */ = {
			isa = PBXNativeTarget;
			buildConfigurationList = CE8F33602A13D40B00FC65BD /* Build configuration list for PBXNativeTarget "CoinAPIUITests" */;
			buildPhases = (
				783D290B21070CE378044F8A /* [CP] Check Pods Manifest.lock */,
				CE8F334C2A13D40B00FC65BD /* Sources */,
				CE8F334D2A13D40B00FC65BD /* Frameworks */,
				CE8F334E2A13D40B00FC65BD /* Resources */,
				FD825FE463D3B63471D141AC /* [CP] Embed Pods Frameworks */,
			);
			buildRules = (
			);
			dependencies = (
				CE8F33522A13D40B00FC65BD /* PBXTargetDependency */,
			);
			name = CoinAPIUITests;
			productName = CoinAPIUITests;
			productReference = CE8F33502A13D40B00FC65BD /* CoinAPIUITests.xctest */;
			productType = "com.apple.product-type.bundle.ui-testing";
		};
/* End PBXNativeTarget section */

/* Begin PBXProject section */
		CE8F33282A13D40700FC65BD /* Project object */ = {
			isa = PBXProject;
			attributes = {
				BuildIndependentTargetsInParallel = 1;
				LastSwiftUpdateCheck = 1420;
				LastUpgradeCheck = 1420;
				TargetAttributes = {
					CE8F332F2A13D40700FC65BD = {
						CreatedOnToolsVersion = 14.2;
					};
					CE8F33452A13D40B00FC65BD = {
						CreatedOnToolsVersion = 14.2;
						TestTargetID = CE8F332F2A13D40700FC65BD;
					};
					CE8F334F2A13D40B00FC65BD = {
						CreatedOnToolsVersion = 14.2;
						TestTargetID = CE8F332F2A13D40700FC65BD;
					};
				};
			};
			buildConfigurationList = CE8F332B2A13D40700FC65BD /* Build configuration list for PBXProject "CoinAPI" */;
			compatibilityVersion = "Xcode 14.0";
			developmentRegion = en;
			hasScannedForEncodings = 0;
			knownRegions = (
				en,
				Base,
			);
			mainGroup = CE8F33272A13D40700FC65BD;
			productRefGroup = CE8F33312A13D40700FC65BD /* Products */;
			projectDirPath = "";
			projectRoot = "";
			targets = (
				CE8F332F2A13D40700FC65BD /* CoinAPI */,
				CE8F33452A13D40B00FC65BD /* CoinAPITests */,
				CE8F334F2A13D40B00FC65BD /* CoinAPIUITests */,
			);
		};
/* End PBXProject section */

/* Begin PBXResourcesBuildPhase section */
		CE8F332E2A13D40700FC65BD /* Resources */ = {
			isa = PBXResourcesBuildPhase;
			buildActionMask = 2147483647;
			files = (
				CE8F33402A13D40B00FC65BD /* LaunchScreen.storyboard in Resources */,
				CE8F333D2A13D40B00FC65BD /* Assets.xcassets in Resources */,
			);
			runOnlyForDeploymentPostprocessing = 0;
		};
		CE8F33442A13D40B00FC65BD /* Resources */ = {
			isa = PBXResourcesBuildPhase;
			buildActionMask = 2147483647;
			files = (
			);
			runOnlyForDeploymentPostprocessing = 0;
		};
		CE8F334E2A13D40B00FC65BD /* Resources */ = {
			isa = PBXResourcesBuildPhase;
			buildActionMask = 2147483647;
			files = (
			);
			runOnlyForDeploymentPostprocessing = 0;
		};
/* End PBXResourcesBuildPhase section */

/* Begin PBXShellScriptBuildPhase section */
		02983574B0A5FBF8EB5FAD09 /* [CP] Check Pods Manifest.lock */ = {
			isa = PBXShellScriptBuildPhase;
			buildActionMask = 2147483647;
			files = (
			);
			inputFileListPaths = (
			);
			inputPaths = (
				"${PODS_PODFILE_DIR_PATH}/Podfile.lock",
				"${PODS_ROOT}/Manifest.lock",
			);
			name = "[CP] Check Pods Manifest.lock";
			outputFileListPaths = (
			);
			outputPaths = (
				"$(DERIVED_FILE_DIR)/Pods-CoinAPI-checkManifestLockResult.txt",
			);
			runOnlyForDeploymentPostprocessing = 0;
			shellPath = /bin/sh;
			shellScript = "diff \"${PODS_PODFILE_DIR_PATH}/Podfile.lock\" \"${PODS_ROOT}/Manifest.lock\" > /dev/null\nif [ $? != 0 ] ; then\n    # print error to STDERR\n    echo \"error: The sandbox is not in sync with the Podfile.lock. Run 'pod install' or update your CocoaPods installation.\" >&2\n    exit 1\nfi\n# This output is used by Xcode 'outputs' to avoid re-running this script phase.\necho \"SUCCESS\" > \"${SCRIPT_OUTPUT_FILE_0}\"\n";
			showEnvVarsInLog = 0;
		};
		783D290B21070CE378044F8A /* [CP] Check Pods Manifest.lock */ = {
			isa = PBXShellScriptBuildPhase;
			buildActionMask = 2147483647;
			files = (
			);
			inputFileListPaths = (
			);
			inputPaths = (
				"${PODS_PODFILE_DIR_PATH}/Podfile.lock",
				"${PODS_ROOT}/Manifest.lock",
			);
			name = "[CP] Check Pods Manifest.lock";
			outputFileListPaths = (
			);
			outputPaths = (
				"$(DERIVED_FILE_DIR)/Pods-CoinAPI-CoinAPIUITests-checkManifestLockResult.txt",
			);
			runOnlyForDeploymentPostprocessing = 0;
			shellPath = /bin/sh;
			shellScript = "diff \"${PODS_PODFILE_DIR_PATH}/Podfile.lock\" \"${PODS_ROOT}/Manifest.lock\" > /dev/null\nif [ $? != 0 ] ; then\n    # print error to STDERR\n    echo \"error: The sandbox is not in sync with the Podfile.lock. Run 'pod install' or update your CocoaPods installation.\" >&2\n    exit 1\nfi\n# This output is used by Xcode 'outputs' to avoid re-running this script phase.\necho \"SUCCESS\" > \"${SCRIPT_OUTPUT_FILE_0}\"\n";
			showEnvVarsInLog = 0;
		};
		A00A4306FBD877162AC8119E /* [CP] Check Pods Manifest.lock */ = {
			isa = PBXShellScriptBuildPhase;
			buildActionMask = 2147483647;
			files = (
			);
			inputFileListPaths = (
			);
			inputPaths = (
				"${PODS_PODFILE_DIR_PATH}/Podfile.lock",
				"${PODS_ROOT}/Manifest.lock",
			);
			name = "[CP] Check Pods Manifest.lock";
			outputFileListPaths = (
			);
			outputPaths = (
				"$(DERIVED_FILE_DIR)/Pods-CoinAPITests-checkManifestLockResult.txt",
			);
			runOnlyForDeploymentPostprocessing = 0;
			shellPath = /bin/sh;
			shellScript = "diff \"${PODS_PODFILE_DIR_PATH}/Podfile.lock\" \"${PODS_ROOT}/Manifest.lock\" > /dev/null\nif [ $? != 0 ] ; then\n    # print error to STDERR\n    echo \"error: The sandbox is not in sync with the Podfile.lock. Run 'pod install' or update your CocoaPods installation.\" >&2\n    exit 1\nfi\n# This output is used by Xcode 'outputs' to avoid re-running this script phase.\necho \"SUCCESS\" > \"${SCRIPT_OUTPUT_FILE_0}\"\n";
			showEnvVarsInLog = 0;
		};
		CD183CCA8ECFEB97FEEB44BA /* [CP] Embed Pods Frameworks */ = {
			isa = PBXShellScriptBuildPhase;
			buildActionMask = 2147483647;
			files = (
			);
			inputFileListPaths = (
				"${PODS_ROOT}/Target Support Files/Pods-CoinAPI/Pods-CoinAPI-frameworks-${CONFIGURATION}-input-files.xcfilelist",
			);
			name = "[CP] Embed Pods Frameworks";
			outputFileListPaths = (
				"${PODS_ROOT}/Target Support Files/Pods-CoinAPI/Pods-CoinAPI-frameworks-${CONFIGURATION}-output-files.xcfilelist",
			);
			runOnlyForDeploymentPostprocessing = 0;
			shellPath = /bin/sh;
			shellScript = "\"${PODS_ROOT}/Target Support Files/Pods-CoinAPI/Pods-CoinAPI-frameworks.sh\"\n";
			showEnvVarsInLog = 0;
		};
		FD825FE463D3B63471D141AC /* [CP] Embed Pods Frameworks */ = {
			isa = PBXShellScriptBuildPhase;
			buildActionMask = 2147483647;
			files = (
			);
			inputFileListPaths = (
				"${PODS_ROOT}/Target Support Files/Pods-CoinAPI-CoinAPIUITests/Pods-CoinAPI-CoinAPIUITests-frameworks-${CONFIGURATION}-input-files.xcfilelist",
			);
			name = "[CP] Embed Pods Frameworks";
			outputFileListPaths = (
				"${PODS_ROOT}/Target Support Files/Pods-CoinAPI-CoinAPIUITests/Pods-CoinAPI-CoinAPIUITests-frameworks-${CONFIGURATION}-output-files.xcfilelist",
			);
			runOnlyForDeploymentPostprocessing = 0;
			shellPath = /bin/sh;
			shellScript = "\"${PODS_ROOT}/Target Support Files/Pods-CoinAPI-CoinAPIUITests/Pods-CoinAPI-CoinAPIUITests-frameworks.sh\"\n";
			showEnvVarsInLog = 0;
		};
/* End PBXShellScriptBuildPhase section */

/* Begin PBXSourcesBuildPhase section */
		CE8F332C2A13D40700FC65BD /* Sources */ = {
			isa = PBXSourcesBuildPhase;
			buildActionMask = 2147483647;
			files = (
				CE8F33672A13D6F400FC65BD /* Coordinator.swift in Sources */,
				CE8F33952A165A9B00FC65BD /* DetailViewController.swift in Sources */,
				CE8F33702A13FC7100FC65BD /* ExchangesEntity.swift in Sources */,
				CE8F338E2A1529F700FC65BD /* Double+Extension.swift in Sources */,
				CE8F336B2A13F1D500FC65BD /* AlamofireAdapter.swift in Sources */,
				CE8F33812A14280500FC65BD /* HomeViewModelBuilder.swift in Sources */,
				CE8F338A2A15285000FC65BD /* ExchangesCell.swift in Sources */,
				CE8F339D2A17C2A400FC65BD /* ErrorViewController.swift in Sources */,
				CE8F33722A1409D700FC65BD /* HomeViewModel.swift in Sources */,
				CE8F339B2A16F5F800FC65BD /* String+Extension.swift in Sources */,
				CE8F337A2A1416D600FC65BD /* HomeUseCase.swift in Sources */,
				CE8F33932A15A0D000FC65BD /* LoadingViewController.swift in Sources */,
				CE8F33912A15976500FC65BD /* LoadingView.swift in Sources */,
				CE8F33342A13D40700FC65BD /* AppDelegate.swift in Sources */,
				CE8F336D2A13F22800FC65BD /* HttpError.swift in Sources */,
				CE8F33362A13D40700FC65BD /* SceneDelegate.swift in Sources */,
				CE8F33642A13D62500FC65BD /* HomeViewController.swift in Sources */,
				CE8F33972A1694D900FC65BD /* IconsEntity.swift in Sources */,
				CE8F33992A16C03D00FC65BD /* UIImageView+Extension.swift in Sources */,
				CE8F33862A150AE900FC65BD /* APIRoute.swift in Sources */,
				CE8F337E2A14178C00FC65BD /* HomeRepository.swift in Sources */,
				CE8F339F2A17C47900FC65BD /* ErrorView.swift in Sources */,
			);
			runOnlyForDeploymentPostprocessing = 0;
		};
		CE8F33422A13D40B00FC65BD /* Sources */ = {
			isa = PBXSourcesBuildPhase;
			buildActionMask = 2147483647;
			files = (
				CE8F334B2A13D40B00FC65BD /* CoinAPITests.swift in Sources */,
				CE8F33A32A180A7900FC65BD /* ExchangesDataMock.swift in Sources */,
				CE8F33A12A18065700FC65BD /* HomeViewModelTests.swift in Sources */,
				CE8F33A52A180D7100FC65BD /* ExchangesIconMock.swift in Sources */,
			);
			runOnlyForDeploymentPostprocessing = 0;
		};
		CE8F334C2A13D40B00FC65BD /* Sources */ = {
			isa = PBXSourcesBuildPhase;
			buildActionMask = 2147483647;
			files = (
				CE8F33572A13D40B00FC65BD /* CoinAPIUITestsLaunchTests.swift in Sources */,
				CE8F33552A13D40B00FC65BD /* CoinAPIUITests.swift in Sources */,
			);
			runOnlyForDeploymentPostprocessing = 0;
		};
/* End PBXSourcesBuildPhase section */

/* Begin PBXTargetDependency section */
		CE8F33482A13D40B00FC65BD /* PBXTargetDependency */ = {
			isa = PBXTargetDependency;
			target = CE8F332F2A13D40700FC65BD /* CoinAPI */;
			targetProxy = CE8F33472A13D40B00FC65BD /* PBXContainerItemProxy */;
		};
		CE8F33522A13D40B00FC65BD /* PBXTargetDependency */ = {
			isa = PBXTargetDependency;
			target = CE8F332F2A13D40700FC65BD /* CoinAPI */;
			targetProxy = CE8F33512A13D40B00FC65BD /* PBXContainerItemProxy */;
		};
/* End PBXTargetDependency section */

/* Begin PBXVariantGroup section */
		CE8F333E2A13D40B00FC65BD /* LaunchScreen.storyboard */ = {
			isa = PBXVariantGroup;
			children = (
				CE8F333F2A13D40B00FC65BD /* Base */,
			);
			name = LaunchScreen.storyboard;
			sourceTree = "<group>";
		};
/* End PBXVariantGroup section */

/* Begin XCBuildConfiguration section */
		CE8F33582A13D40B00FC65BD /* Debug */ = {
			isa = XCBuildConfiguration;
			buildSettings = {
				ALWAYS_SEARCH_USER_PATHS = NO;
				CLANG_ANALYZER_NONNULL = YES;
				CLANG_ANALYZER_NUMBER_OBJECT_CONVERSION = YES_AGGRESSIVE;
				CLANG_CXX_LANGUAGE_STANDARD = "gnu++20";
				CLANG_ENABLE_MODULES = YES;
				CLANG_ENABLE_OBJC_ARC = YES;
				CLANG_ENABLE_OBJC_WEAK = YES;
				CLANG_WARN_BLOCK_CAPTURE_AUTORELEASING = YES;
				CLANG_WARN_BOOL_CONVERSION = YES;
				CLANG_WARN_COMMA = YES;
				CLANG_WARN_CONSTANT_CONVERSION = YES;
				CLANG_WARN_DEPRECATED_OBJC_IMPLEMENTATIONS = YES;
				CLANG_WARN_DIRECT_OBJC_ISA_USAGE = YES_ERROR;
				CLANG_WARN_DOCUMENTATION_COMMENTS = YES;
				CLANG_WARN_EMPTY_BODY = YES;
				CLANG_WARN_ENUM_CONVERSION = YES;
				CLANG_WARN_INFINITE_RECURSION = YES;
				CLANG_WARN_INT_CONVERSION = YES;
				CLANG_WARN_NON_LITERAL_NULL_CONVERSION = YES;
				CLANG_WARN_OBJC_IMPLICIT_RETAIN_SELF = YES;
				CLANG_WARN_OBJC_LITERAL_CONVERSION = YES;
				CLANG_WARN_OBJC_ROOT_CLASS = YES_ERROR;
				CLANG_WARN_QUOTED_INCLUDE_IN_FRAMEWORK_HEADER = YES;
				CLANG_WARN_RANGE_LOOP_ANALYSIS = YES;
				CLANG_WARN_STRICT_PROTOTYPES = YES;
				CLANG_WARN_SUSPICIOUS_MOVE = YES;
				CLANG_WARN_UNGUARDED_AVAILABILITY = YES_AGGRESSIVE;
				CLANG_WARN_UNREACHABLE_CODE = YES;
				CLANG_WARN__DUPLICATE_METHOD_MATCH = YES;
				COPY_PHASE_STRIP = NO;
				DEBUG_INFORMATION_FORMAT = dwarf;
				ENABLE_STRICT_OBJC_MSGSEND = YES;
				ENABLE_TESTABILITY = YES;
				GCC_C_LANGUAGE_STANDARD = gnu11;
				GCC_DYNAMIC_NO_PIC = NO;
				GCC_NO_COMMON_BLOCKS = YES;
				GCC_OPTIMIZATION_LEVEL = 0;
				GCC_PREPROCESSOR_DEFINITIONS = (
					"DEBUG=1",
					"$(inherited)",
				);
				GCC_WARN_64_TO_32_BIT_CONVERSION = YES;
				GCC_WARN_ABOUT_RETURN_TYPE = YES_ERROR;
				GCC_WARN_UNDECLARED_SELECTOR = YES;
				GCC_WARN_UNINITIALIZED_AUTOS = YES_AGGRESSIVE;
				GCC_WARN_UNUSED_FUNCTION = YES;
				GCC_WARN_UNUSED_VARIABLE = YES;
				IPHONEOS_DEPLOYMENT_TARGET = 16.2;
				MTL_ENABLE_DEBUG_INFO = INCLUDE_SOURCE;
				MTL_FAST_MATH = YES;
				ONLY_ACTIVE_ARCH = YES;
				SDKROOT = iphoneos;
				SWIFT_ACTIVE_COMPILATION_CONDITIONS = DEBUG;
				SWIFT_OPTIMIZATION_LEVEL = "-Onone";
			};
			name = Debug;
		};
		CE8F33592A13D40B00FC65BD /* Release */ = {
			isa = XCBuildConfiguration;
			buildSettings = {
				ALWAYS_SEARCH_USER_PATHS = NO;
				CLANG_ANALYZER_NONNULL = YES;
				CLANG_ANALYZER_NUMBER_OBJECT_CONVERSION = YES_AGGRESSIVE;
				CLANG_CXX_LANGUAGE_STANDARD = "gnu++20";
				CLANG_ENABLE_MODULES = YES;
				CLANG_ENABLE_OBJC_ARC = YES;
				CLANG_ENABLE_OBJC_WEAK = YES;
				CLANG_WARN_BLOCK_CAPTURE_AUTORELEASING = YES;
				CLANG_WARN_BOOL_CONVERSION = YES;
				CLANG_WARN_COMMA = YES;
				CLANG_WARN_CONSTANT_CONVERSION = YES;
				CLANG_WARN_DEPRECATED_OBJC_IMPLEMENTATIONS = YES;
				CLANG_WARN_DIRECT_OBJC_ISA_USAGE = YES_ERROR;
				CLANG_WARN_DOCUMENTATION_COMMENTS = YES;
				CLANG_WARN_EMPTY_BODY = YES;
				CLANG_WARN_ENUM_CONVERSION = YES;
				CLANG_WARN_INFINITE_RECURSION = YES;
				CLANG_WARN_INT_CONVERSION = YES;
				CLANG_WARN_NON_LITERAL_NULL_CONVERSION = YES;
				CLANG_WARN_OBJC_IMPLICIT_RETAIN_SELF = YES;
				CLANG_WARN_OBJC_LITERAL_CONVERSION = YES;
				CLANG_WARN_OBJC_ROOT_CLASS = YES_ERROR;
				CLANG_WARN_QUOTED_INCLUDE_IN_FRAMEWORK_HEADER = YES;
				CLANG_WARN_RANGE_LOOP_ANALYSIS = YES;
				CLANG_WARN_STRICT_PROTOTYPES = YES;
				CLANG_WARN_SUSPICIOUS_MOVE = YES;
				CLANG_WARN_UNGUARDED_AVAILABILITY = YES_AGGRESSIVE;
				CLANG_WARN_UNREACHABLE_CODE = YES;
				CLANG_WARN__DUPLICATE_METHOD_MATCH = YES;
				COPY_PHASE_STRIP = NO;
				DEBUG_INFORMATION_FORMAT = "dwarf-with-dsym";
				ENABLE_NS_ASSERTIONS = NO;
				ENABLE_STRICT_OBJC_MSGSEND = YES;
				GCC_C_LANGUAGE_STANDARD = gnu11;
				GCC_NO_COMMON_BLOCKS = YES;
				GCC_WARN_64_TO_32_BIT_CONVERSION = YES;
				GCC_WARN_ABOUT_RETURN_TYPE = YES_ERROR;
				GCC_WARN_UNDECLARED_SELECTOR = YES;
				GCC_WARN_UNINITIALIZED_AUTOS = YES_AGGRESSIVE;
				GCC_WARN_UNUSED_FUNCTION = YES;
				GCC_WARN_UNUSED_VARIABLE = YES;
				IPHONEOS_DEPLOYMENT_TARGET = 16.2;
				MTL_ENABLE_DEBUG_INFO = NO;
				MTL_FAST_MATH = YES;
				SDKROOT = iphoneos;
				SWIFT_COMPILATION_MODE = wholemodule;
				SWIFT_OPTIMIZATION_LEVEL = "-O";
				VALIDATE_PRODUCT = YES;
			};
			name = Release;
		};
		CE8F335B2A13D40B00FC65BD /* Debug */ = {
			isa = XCBuildConfiguration;
			baseConfigurationReference = AAF0B444CFF90ECEAD49EDF8 /* Pods-CoinAPI.debug.xcconfig */;
			buildSettings = {
				ASSETCATALOG_COMPILER_APPICON_NAME = AppIcon;
				ASSETCATALOG_COMPILER_GLOBAL_ACCENT_COLOR_NAME = AccentColor;
				CODE_SIGN_STYLE = Automatic;
				CURRENT_PROJECT_VERSION = 1;
				DEVELOPMENT_TEAM = 2GZ78V242F;
				GENERATE_INFOPLIST_FILE = YES;
				INFOPLIST_FILE = CoinAPI/Info.plist;
				INFOPLIST_KEY_LSApplicationCategoryType = "public.app-category.finance";
				INFOPLIST_KEY_UIApplicationSupportsIndirectInputEvents = YES;
				INFOPLIST_KEY_UILaunchStoryboardName = LaunchScreen;
				INFOPLIST_KEY_UIMainStoryboardFile = "";
				INFOPLIST_KEY_UISupportedInterfaceOrientations = UIInterfaceOrientationPortrait;
				INFOPLIST_KEY_UISupportedInterfaceOrientations_iPad = "UIInterfaceOrientationLandscapeLeft UIInterfaceOrientationPortrait";
				LD_RUNPATH_SEARCH_PATHS = (
					"$(inherited)",
					"@executable_path/Frameworks",
				);
				MARKETING_VERSION = 1.0;
				PRODUCT_BUNDLE_IDENTIFIER = com.bycoders.app.CoinAPI;
				PRODUCT_NAME = "$(TARGET_NAME)";
				SWIFT_EMIT_LOC_STRINGS = YES;
				SWIFT_VERSION = 5.0;
				TARGETED_DEVICE_FAMILY = "1,2";
			};
			name = Debug;
		};
		CE8F335C2A13D40B00FC65BD /* Release */ = {
			isa = XCBuildConfiguration;
			baseConfigurationReference = 1766F2458D5564142BF35117 /* Pods-CoinAPI.release.xcconfig */;
			buildSettings = {
				ASSETCATALOG_COMPILER_APPICON_NAME = AppIcon;
				ASSETCATALOG_COMPILER_GLOBAL_ACCENT_COLOR_NAME = AccentColor;
				CODE_SIGN_STYLE = Automatic;
				CURRENT_PROJECT_VERSION = 1;
				DEVELOPMENT_TEAM = 2GZ78V242F;
				GENERATE_INFOPLIST_FILE = YES;
				INFOPLIST_FILE = CoinAPI/Info.plist;
				INFOPLIST_KEY_LSApplicationCategoryType = "public.app-category.finance";
				INFOPLIST_KEY_UIApplicationSupportsIndirectInputEvents = YES;
				INFOPLIST_KEY_UILaunchStoryboardName = LaunchScreen;
				INFOPLIST_KEY_UIMainStoryboardFile = "";
				INFOPLIST_KEY_UISupportedInterfaceOrientations = UIInterfaceOrientationPortrait;
				INFOPLIST_KEY_UISupportedInterfaceOrientations_iPad = "UIInterfaceOrientationLandscapeLeft UIInterfaceOrientationPortrait";
				LD_RUNPATH_SEARCH_PATHS = (
					"$(inherited)",
					"@executable_path/Frameworks",
				);
				MARKETING_VERSION = 1.0;
				PRODUCT_BUNDLE_IDENTIFIER = com.bycoders.app.CoinAPI;
				PRODUCT_NAME = "$(TARGET_NAME)";
				SWIFT_EMIT_LOC_STRINGS = YES;
				SWIFT_VERSION = 5.0;
				TARGETED_DEVICE_FAMILY = "1,2";
			};
			name = Release;
		};
		CE8F335E2A13D40B00FC65BD /* Debug */ = {
			isa = XCBuildConfiguration;
			baseConfigurationReference = AD9028A544A2BD1FD8B7CD1F /* Pods-CoinAPITests.debug.xcconfig */;
			buildSettings = {
				ALWAYS_EMBED_SWIFT_STANDARD_LIBRARIES = YES;
				BUNDLE_LOADER = "$(TEST_HOST)";
				CODE_SIGN_STYLE = Automatic;
				CURRENT_PROJECT_VERSION = 1;
				DEVELOPMENT_TEAM = 2GZ78V242F;
				GENERATE_INFOPLIST_FILE = YES;
				IPHONEOS_DEPLOYMENT_TARGET = 16.2;
				MARKETING_VERSION = 1.0;
				PRODUCT_BUNDLE_IDENTIFIER = com.bycoders.app.CoinAPITests;
				PRODUCT_NAME = "$(TARGET_NAME)";
				SWIFT_EMIT_LOC_STRINGS = NO;
				SWIFT_VERSION = 5.0;
				TARGETED_DEVICE_FAMILY = "1,2";
				TEST_HOST = "$(BUILT_PRODUCTS_DIR)/CoinAPI.app/$(BUNDLE_EXECUTABLE_FOLDER_PATH)/CoinAPI";
			};
			name = Debug;
		};
		CE8F335F2A13D40B00FC65BD /* Release */ = {
			isa = XCBuildConfiguration;
			baseConfigurationReference = 23325E2987CA423C231478D3 /* Pods-CoinAPITests.release.xcconfig */;
			buildSettings = {
				ALWAYS_EMBED_SWIFT_STANDARD_LIBRARIES = YES;
				BUNDLE_LOADER = "$(TEST_HOST)";
				CODE_SIGN_STYLE = Automatic;
				CURRENT_PROJECT_VERSION = 1;
				DEVELOPMENT_TEAM = 2GZ78V242F;
				GENERATE_INFOPLIST_FILE = YES;
				IPHONEOS_DEPLOYMENT_TARGET = 16.2;
				MARKETING_VERSION = 1.0;
				PRODUCT_BUNDLE_IDENTIFIER = com.bycoders.app.CoinAPITests;
				PRODUCT_NAME = "$(TARGET_NAME)";
				SWIFT_EMIT_LOC_STRINGS = NO;
				SWIFT_VERSION = 5.0;
				TARGETED_DEVICE_FAMILY = "1,2";
				TEST_HOST = "$(BUILT_PRODUCTS_DIR)/CoinAPI.app/$(BUNDLE_EXECUTABLE_FOLDER_PATH)/CoinAPI";
			};
			name = Release;
		};
		CE8F33612A13D40B00FC65BD /* Debug */ = {
			isa = XCBuildConfiguration;
			baseConfigurationReference = B1E28E67779A3D8F56F04DE7 /* Pods-CoinAPI-CoinAPIUITests.debug.xcconfig */;
			buildSettings = {
				ALWAYS_EMBED_SWIFT_STANDARD_LIBRARIES = YES;
				CODE_SIGN_STYLE = Automatic;
				CURRENT_PROJECT_VERSION = 1;
				DEVELOPMENT_TEAM = 2GZ78V242F;
				GENERATE_INFOPLIST_FILE = YES;
				MARKETING_VERSION = 1.0;
				PRODUCT_BUNDLE_IDENTIFIER = com.bycoders.app.CoinAPIUITests;
				PRODUCT_NAME = "$(TARGET_NAME)";
				SWIFT_EMIT_LOC_STRINGS = NO;
				SWIFT_VERSION = 5.0;
				TARGETED_DEVICE_FAMILY = "1,2";
				TEST_TARGET_NAME = CoinAPI;
			};
			name = Debug;
		};
		CE8F33622A13D40B00FC65BD /* Release */ = {
			isa = XCBuildConfiguration;
			baseConfigurationReference = FBB1C51B428B219EFEA7B8F1 /* Pods-CoinAPI-CoinAPIUITests.release.xcconfig */;
			buildSettings = {
				ALWAYS_EMBED_SWIFT_STANDARD_LIBRARIES = YES;
				CODE_SIGN_STYLE = Automatic;
				CURRENT_PROJECT_VERSION = 1;
				DEVELOPMENT_TEAM = 2GZ78V242F;
				GENERATE_INFOPLIST_FILE = YES;
				MARKETING_VERSION = 1.0;
				PRODUCT_BUNDLE_IDENTIFIER = com.bycoders.app.CoinAPIUITests;
				PRODUCT_NAME = "$(TARGET_NAME)";
				SWIFT_EMIT_LOC_STRINGS = NO;
				SWIFT_VERSION = 5.0;
				TARGETED_DEVICE_FAMILY = "1,2";
				TEST_TARGET_NAME = CoinAPI;
			};
			name = Release;
		};
/* End XCBuildConfiguration section */

/* Begin XCConfigurationList section */
		CE8F332B2A13D40700FC65BD /* Build configuration list for PBXProject "CoinAPI" */ = {
			isa = XCConfigurationList;
			buildConfigurations = (
				CE8F33582A13D40B00FC65BD /* Debug */,
				CE8F33592A13D40B00FC65BD /* Release */,
			);
			defaultConfigurationIsVisible = 0;
			defaultConfigurationName = Release;
		};
		CE8F335A2A13D40B00FC65BD /* Build configuration list for PBXNativeTarget "CoinAPI" */ = {
			isa = XCConfigurationList;
			buildConfigurations = (
				CE8F335B2A13D40B00FC65BD /* Debug */,
				CE8F335C2A13D40B00FC65BD /* Release */,
			);
			defaultConfigurationIsVisible = 0;
			defaultConfigurationName = Release;
		};
		CE8F335D2A13D40B00FC65BD /* Build configuration list for PBXNativeTarget "CoinAPITests" */ = {
			isa = XCConfigurationList;
			buildConfigurations = (
				CE8F335E2A13D40B00FC65BD /* Debug */,
				CE8F335F2A13D40B00FC65BD /* Release */,
			);
			defaultConfigurationIsVisible = 0;
			defaultConfigurationName = Release;
		};
		CE8F33602A13D40B00FC65BD /* Build configuration list for PBXNativeTarget "CoinAPIUITests" */ = {
			isa = XCConfigurationList;
			buildConfigurations = (
				CE8F33612A13D40B00FC65BD /* Debug */,
				CE8F33622A13D40B00FC65BD /* Release */,
			);
			defaultConfigurationIsVisible = 0;
			defaultConfigurationName = Release;
		};
/* End XCConfigurationList section */
	};
	rootObject = CE8F33282A13D40700FC65BD /* Project object */;
}
